
Microsoft Visual Studio Solution File, Format Version 12.00
# Visual Studio Version 17
VisualStudioVersion = 17.5.2.0
MinimumVisualStudioVersion = 10.0.40219.1
Project("{FAE04EC0-301F-11D3-BF4B-00C04F79EFBC}") = "Aurora", "Aurora\Aurora.csproj", "{106EEAE9-DC0F-721F-8976-7184EA0CB72B}"
EndProject
Project("{FAE04EC0-301F-11D3-BF4B-00C04F79EFBC}") = "Aurora.Tests", "Aurora.Tests\Aurora.Tests.csproj", "{3B45815D-551B-451B-906D-52BC693B9ECC}"
EndProject
Global
	GlobalSection(SolutionConfigurationPlatforms) = preSolution
		Debug|Any CPU = Debug|Any CPU
		Debug|x64 = Debug|x64
		Debug|x86 = Debug|x86
		Release|Any CPU = Release|Any CPU
		Release|x64 = Release|x64
		Release|x86 = Release|x86
	EndGlobalSection
	GlobalSection(ProjectConfigurationPlatforms) = postSolution
		{106EEAE9-DC0F-721F-8976-7184EA0CB72B}.Debug|Any CPU.ActiveCfg = Debug|Any CPU
		{106EEAE9-DC0F-721F-8976-7184EA0CB72B}.Debug|Any CPU.Build.0 = Debug|Any CPU
		{106EEAE9-DC0F-721F-8976-7184EA0CB72B}.Debug|x64.ActiveCfg = Debug|Any CPU
		{106EEAE9-DC0F-721F-8976-7184EA0CB72B}.Debug|x64.Build.0 = Debug|Any CPU
		{106EEAE9-DC0F-721F-8976-7184EA0CB72B}.Debug|x86.ActiveCfg = Debug|Any CPU
		{106EEAE9-DC0F-721F-8976-7184EA0CB72B}.Debug|x86.Build.0 = Debug|Any CPU
		{106EEAE9-DC0F-721F-8976-7184EA0CB72B}.Release|Any CPU.ActiveCfg = Release|Any CPU
		{106EEAE9-DC0F-721F-8976-7184EA0CB72B}.Release|Any CPU.Build.0 = Release|Any CPU
		{106EEAE9-DC0F-721F-8976-7184EA0CB72B}.Release|x64.ActiveCfg = Release|Any CPU
		{106EEAE9-DC0F-721F-8976-7184EA0CB72B}.Release|x64.Build.0 = Release|Any CPU
		{106EEAE9-DC0F-721F-8976-7184EA0CB72B}.Release|x86.ActiveCfg = Release|Any CPU
		{106EEAE9-DC0F-721F-8976-7184EA0CB72B}.Release|x86.Build.0 = Release|Any CPU
		{3B45815D-551B-451B-906D-52BC693B9ECC}.Debug|Any CPU.ActiveCfg = Debug|Any CPU
		{3B45815D-551B-451B-906D-52BC693B9ECC}.Debug|Any CPU.Build.0 = Debug|Any CPU
		{3B45815D-551B-451B-906D-52BC693B9ECC}.Debug|x64.ActiveCfg = Debug|Any CPU
		{3B45815D-551B-451B-906D-52BC693B9ECC}.Debug|x64.Build.0 = Debug|Any CPU
		{3B45815D-551B-451B-906D-52BC693B9ECC}.Debug|x86.ActiveCfg = Debug|Any CPU
		{3B45815D-551B-451B-906D-52BC693B9ECC}.Debug|x86.Build.0 = Debug|Any CPU
		{3B45815D-551B-451B-906D-52BC693B9ECC}.Release|Any CPU.ActiveCfg = Release|Any CPU
		{3B45815D-551B-451B-906D-52BC693B9ECC}.Release|Any CPU.Build.0 = Release|Any CPU
		{3B45815D-551B-451B-906D-52BC693B9ECC}.Release|x64.ActiveCfg = Release|Any CPU
		{3B45815D-551B-451B-906D-52BC693B9ECC}.Release|x64.Build.0 = Release|Any CPU
		{3B45815D-551B-451B-906D-52BC693B9ECC}.Release|x86.ActiveCfg = Release|Any CPU
		{3B45815D-551B-451B-906D-52BC693B9ECC}.Release|x86.Build.0 = Release|Any CPU
	EndGlobalSection
	GlobalSection(SolutionProperties) = preSolution
		HideSolutionNode = FALSE
	EndGlobalSection
	GlobalSection(ExtensibilityGlobals) = postSolution
		SolutionGuid = {F08DF919-D01C-487A-94C8-8A83D2484810}
	EndGlobalSection
EndGlobal
